
Microsoft Visual Studio Solution File, Format Version 12.00
# Visual Studio Version 16
VisualStudioVersion = 16.0.30114.105
MinimumVisualStudioVersion = 10.0.40219.1
Project("{9A19103F-16F7-4668-BE54-9A1E7A4F7556}") = "IPInfo", "IPInfo\IPInfo.csproj", "{0805DE95-44F1-4C1A-A4D8-BB10FAE21BC9}"
EndProject
Project("{9A19103F-16F7-4668-BE54-9A1E7A4F7556}") = "IPInfo.Core", "IPInfo.Core\IPInfo.Core.csproj", "{929B7A24-2F6F-49E4-B4FE-1AC37886394B}"
EndProject
Project("{9A19103F-16F7-4668-BE54-9A1E7A4F7556}") = "IPInfo.Data", "IPInfo.Data\IPInfo.Data.csproj", "{9662D699-CE98-46AE-9EF8-2C340A1A1A54}"
EndProject
Project("{9A19103F-16F7-4668-BE54-9A1E7A4F7556}") = "IPInfo.Services", "IPInfo.Services\IPInfo.Services.csproj", "{14C2C3FE-B4DE-4163-BE15-D81789EB183B}"
EndProject
Project("{9A19103F-16F7-4668-BE54-9A1E7A4F7556}") = "IPInfo.Library", "IPInfo.Library\IPInfo.Library.csproj", "{74B4A14A-B964-4202-B403-982679D4C975}"
EndProject
Global
	GlobalSection(SolutionConfigurationPlatforms) = preSolution
		Debug|Any CPU = Debug|Any CPU
		Release|Any CPU = Release|Any CPU
	EndGlobalSection
	GlobalSection(ProjectConfigurationPlatforms) = postSolution
		{0805DE95-44F1-4C1A-A4D8-BB10FAE21BC9}.Debug|Any CPU.ActiveCfg = Debug|Any CPU
		{0805DE95-44F1-4C1A-A4D8-BB10FAE21BC9}.Debug|Any CPU.Build.0 = Debug|Any CPU
		{0805DE95-44F1-4C1A-A4D8-BB10FAE21BC9}.Release|Any CPU.ActiveCfg = Release|Any CPU
		{0805DE95-44F1-4C1A-A4D8-BB10FAE21BC9}.Release|Any CPU.Build.0 = Release|Any CPU
		{929B7A24-2F6F-49E4-B4FE-1AC37886394B}.Debug|Any CPU.ActiveCfg = Debug|Any CPU
		{929B7A24-2F6F-49E4-B4FE-1AC37886394B}.Debug|Any CPU.Build.0 = Debug|Any CPU
		{929B7A24-2F6F-49E4-B4FE-1AC37886394B}.Release|Any CPU.ActiveCfg = Release|Any CPU
		{929B7A24-2F6F-49E4-B4FE-1AC37886394B}.Release|Any CPU.Build.0 = Release|Any CPU
		{9662D699-CE98-46AE-9EF8-2C340A1A1A54}.Debug|Any CPU.ActiveCfg = Debug|Any CPU
		{9662D699-CE98-46AE-9EF8-2C340A1A1A54}.Debug|Any CPU.Build.0 = Debug|Any CPU
		{9662D699-CE98-46AE-9EF8-2C340A1A1A54}.Release|Any CPU.ActiveCfg = Release|Any CPU
		{9662D699-CE98-46AE-9EF8-2C340A1A1A54}.Release|Any CPU.Build.0 = Release|Any CPU
		{14C2C3FE-B4DE-4163-BE15-D81789EB183B}.Debug|Any CPU.ActiveCfg = Debug|Any CPU
		{14C2C3FE-B4DE-4163-BE15-D81789EB183B}.Debug|Any CPU.Build.0 = Debug|Any CPU
		{14C2C3FE-B4DE-4163-BE15-D81789EB183B}.Release|Any CPU.ActiveCfg = Release|Any CPU
		{14C2C3FE-B4DE-4163-BE15-D81789EB183B}.Release|Any CPU.Build.0 = Release|Any CPU
		{74B4A14A-B964-4202-B403-982679D4C975}.Debug|Any CPU.ActiveCfg = Debug|Any CPU
		{74B4A14A-B964-4202-B403-982679D4C975}.Debug|Any CPU.Build.0 = Debug|Any CPU
		{74B4A14A-B964-4202-B403-982679D4C975}.Release|Any CPU.ActiveCfg = Release|Any CPU
		{74B4A14A-B964-4202-B403-982679D4C975}.Release|Any CPU.Build.0 = Release|Any CPU
	EndGlobalSection
	GlobalSection(SolutionProperties) = preSolution
		HideSolutionNode = FALSE
	EndGlobalSection
	GlobalSection(ExtensibilityGlobals) = postSolution
		SolutionGuid = {82FB3DBF-7B2C-4D21-B181-DE3F94068A57}
	EndGlobalSection
EndGlobal
